
Microsoft Visual Studio Solution File, Format Version 12.00
# Visual Studio Version 17
VisualStudioVersion = 17.13.35825.156 d17.13
MinimumVisualStudioVersion = 10.0.40219.1
Project("{FAE04EC0-301F-11D3-BF4B-00C04F79EFBC}") = "ASP NET 01. Razor page example", "ASP NET 01. Razor page example\ASP NET 01. Razor page example.csproj", "{79EDED6E-66D6-43CB-8713-81AA589DBE5A}"
EndProject
Project("{2150E333-8FDC-42A3-9474-1A3956D46DE8}") = "ASP NET 01", "ASP NET 01", "{02EA681E-C7D8-13C7-8484-4AC65E1B71E8}"
EndProject
Project("{FAE04EC0-301F-11D3-BF4B-00C04F79EFBC}") = "ASP NET 01. MVC example", "ASP NET 01. MVC example\ASP NET 01. MVC example.csproj", "{61BE90F8-EEC1-4B32-BB42-85DB4D31EB0B}"
EndProject
Project("{FAE04EC0-301F-11D3-BF4B-00C04F79EFBC}") = "ASP NET 01. Web API example", "ASP NET 01. Web API example\ASP NET 01. Web API example.csproj", "{361B5A61-B3BB-423C-A20C-2D9A15C5A943}"
EndProject
Project("{FAE04EC0-301F-11D3-BF4B-00C04F79EFBC}") = "ASP 01. Mini HTTP Server", "ASP 01. Mini HTTP Server\ASP 01. Mini HTTP Server.csproj", "{B1EB7394-F8AC-41BB-B975-7389FD751BF8}"
EndProject
Global
	GlobalSection(SolutionConfigurationPlatforms) = preSolution
		Debug|Any CPU = Debug|Any CPU
		Release|Any CPU = Release|Any CPU
	EndGlobalSection
	GlobalSection(ProjectConfigurationPlatforms) = postSolution
		{79EDED6E-66D6-43CB-8713-81AA589DBE5A}.Debug|Any CPU.ActiveCfg = Debug|Any CPU
		{79EDED6E-66D6-43CB-8713-81AA589DBE5A}.Debug|Any CPU.Build.0 = Debug|Any CPU
		{79EDED6E-66D6-43CB-8713-81AA589DBE5A}.Release|Any CPU.ActiveCfg = Release|Any CPU
		{79EDED6E-66D6-43CB-8713-81AA589DBE5A}.Release|Any CPU.Build.0 = Release|Any CPU
		{61BE90F8-EEC1-4B32-BB42-85DB4D31EB0B}.Debug|Any CPU.ActiveCfg = Debug|Any CPU
		{61BE90F8-EEC1-4B32-BB42-85DB4D31EB0B}.Debug|Any CPU.Build.0 = Debug|Any CPU
		{61BE90F8-EEC1-4B32-BB42-85DB4D31EB0B}.Release|Any CPU.ActiveCfg = Release|Any CPU
		{61BE90F8-EEC1-4B32-BB42-85DB4D31EB0B}.Release|Any CPU.Build.0 = Release|Any CPU
		{361B5A61-B3BB-423C-A20C-2D9A15C5A943}.Debug|Any CPU.ActiveCfg = Debug|Any CPU
		{361B5A61-B3BB-423C-A20C-2D9A15C5A943}.Debug|Any CPU.Build.0 = Debug|Any CPU
		{361B5A61-B3BB-423C-A20C-2D9A15C5A943}.Release|Any CPU.ActiveCfg = Release|Any CPU
		{361B5A61-B3BB-423C-A20C-2D9A15C5A943}.Release|Any CPU.Build.0 = Release|Any CPU
		{B1EB7394-F8AC-41BB-B975-7389FD751BF8}.Debug|Any CPU.ActiveCfg = Debug|Any CPU
		{B1EB7394-F8AC-41BB-B975-7389FD751BF8}.Debug|Any CPU.Build.0 = Debug|Any CPU
		{B1EB7394-F8AC-41BB-B975-7389FD751BF8}.Release|Any CPU.ActiveCfg = Release|Any CPU
		{B1EB7394-F8AC-41BB-B975-7389FD751BF8}.Release|Any CPU.Build.0 = Release|Any CPU
	EndGlobalSection
	GlobalSection(SolutionProperties) = preSolution
		HideSolutionNode = FALSE
	EndGlobalSection
	GlobalSection(NestedProjects) = preSolution
		{79EDED6E-66D6-43CB-8713-81AA589DBE5A} = {02EA681E-C7D8-13C7-8484-4AC65E1B71E8}
		{61BE90F8-EEC1-4B32-BB42-85DB4D31EB0B} = {02EA681E-C7D8-13C7-8484-4AC65E1B71E8}
		{361B5A61-B3BB-423C-A20C-2D9A15C5A943} = {02EA681E-C7D8-13C7-8484-4AC65E1B71E8}
		{B1EB7394-F8AC-41BB-B975-7389FD751BF8} = {02EA681E-C7D8-13C7-8484-4AC65E1B71E8}
	EndGlobalSection
	GlobalSection(ExtensibilityGlobals) = postSolution
		SolutionGuid = {6299646B-0CE0-4B3A-9D03-BC7850C5C569}
	EndGlobalSection
EndGlobal
