
Microsoft Visual Studio Solution File, Format Version 12.00
# Visual Studio Version 18
VisualStudioVersion = 18.2.11415.280 d18.0
MinimumVisualStudioVersion = 10.0.40219.1
Project("{FAE04EC0-301F-11D3-BF4B-00C04F79EFBC}") = "ASP NET 01. Razor page example", "ASP NET 01. Razor page example\ASP NET 01. Razor page example.csproj", "{79EDED6E-66D6-43CB-8713-81AA589DBE5A}"
EndProject
Project("{2150E333-8FDC-42A3-9474-1A3956D46DE8}") = "ASP NET 01", "ASP NET 01", "{02EA681E-C7D8-13C7-8484-4AC65E1B71E8}"
EndProject
Project("{FAE04EC0-301F-11D3-BF4B-00C04F79EFBC}") = "ASP NET 01. MVC example", "ASP NET 01. MVC example\ASP NET 01. MVC example.csproj", "{61BE90F8-EEC1-4B32-BB42-85DB4D31EB0B}"
EndProject
Project("{FAE04EC0-301F-11D3-BF4B-00C04F79EFBC}") = "ASP NET 01. Web API example", "ASP NET 01. Web API example\ASP NET 01. Web API example.csproj", "{361B5A61-B3BB-423C-A20C-2D9A15C5A943}"
EndProject
Project("{FAE04EC0-301F-11D3-BF4B-00C04F79EFBC}") = "ASP 01. Mini HTTP Server", "ASP 01. Mini HTTP Server\ASP 01. Mini HTTP Server.csproj", "{B1EB7394-F8AC-41BB-B975-7389FD751BF8}"
EndProject
Project("{2150E333-8FDC-42A3-9474-1A3956D46DE8}") = "ASP NET 02", "ASP NET 02", "{079C8825-F860-4EE9-8161-ED07DB32D175}"
EndProject
Project("{FAE04EC0-301F-11D3-BF4B-00C04F79EFBC}") = "ASP NET 02. CoR", "ASP NET 02. CoR\ASP NET 02. CoR.csproj", "{0EB57E8C-403F-4F87-B289-F3F125EA667C}"
EndProject
Project("{FAE04EC0-301F-11D3-BF4B-00C04F79EFBC}") = "ASP NET 02. Mini ASP", "ASP NET 02. Mini ASP\ASP NET 02. Mini ASP.csproj", "{F182285A-CEBF-4342-8FDF-9F80332FF97E}"
EndProject
Project("{2150E333-8FDC-42A3-9474-1A3956D46DE8}") = "ASP NET 03", "ASP NET 03", "{14C8E696-5F7B-4BBA-9EFD-923A7D9A5B76}"
EndProject
Project("{FAE04EC0-301F-11D3-BF4B-00C04F79EFBC}") = "ASP NET 03. Dependency Injection", "ASP NET 03. Dependency Injection\ASP NET 03. Dependency Injection.csproj", "{97B73602-B4FB-4D50-8426-8C5765F8BD97}"
EndProject
Project("{FAE04EC0-301F-11D3-BF4B-00C04F79EFBC}") = "ASP NET 03. Dependency Injection - service", "ASP NET 03. Dependency Injection - service\ASP NET 03. Dependency Injection - service.csproj", "{2A660B02-E028-452A-B8C1-FA6E00C80B2A}"
EndProject
Project("{2150E333-8FDC-42A3-9474-1A3956D46DE8}") = "ASP NET 04", "ASP NET 04", "{22F1140A-241B-4DB4-9342-C192C9BBB0F2}"
EndProject
Project("{FAE04EC0-301F-11D3-BF4B-00C04F79EFBC}") = "ASP NET 04. Razor pages", "ASP NET 04. Razor pages\ASP NET 04. Razor pages.csproj", "{A2685327-686D-4A17-A9A1-948A838E1F55}"
EndProject
Project("{FAE04EC0-301F-11D3-BF4B-00C04F79EFBC}") = "ASP NET 04. Razor Pages Product site", "ASP NET 04. Razor Pages Product site\ASP NET 04. Razor Pages Product site.csproj", "{FB0ED7EA-6BEF-44FE-AB7B-3F39EE2D7827}"
EndProject
Project("{2150E333-8FDC-42A3-9474-1A3956D46DE8}") = "ASP NET 05", "ASP NET 05", "{A8D647CB-80E4-4CF8-A571-A0CE990CBED7}"
EndProject
Project("{FAE04EC0-301F-11D3-BF4B-00C04F79EFBC}") = "ASP NET 05. MVC Product site", "ASP NET 05. MVC Product site\ASP NET 05. MVC Product site.csproj", "{37EB8234-664C-413C-9546-A345BD7B1F87}"
EndProject
Project("{FAE04EC0-301F-11D3-BF4B-00C04F79EFBC}") = "ASP NET 05. MVC Product site - Scaffold", "ASP NET 05. MVC Product site - Scaffold\ASP NET 05. MVC Product site - Scaffold.csproj", "{A69D2A29-39E3-40EE-8C32-E9F0A5FDE01F}"
EndProject
Project("{FAE04EC0-301F-11D3-BF4B-00C04F79EFBC}") = "ASP NET 05. ASP Filters", "ASP NET 05. ASP Filters\ASP NET 05. ASP Filters.csproj", "{8E2A3DF5-E6F9-4093-AD84-FF26C469F197}"
EndProject
Project("{2150E333-8FDC-42A3-9474-1A3956D46DE8}") = "ASP NET 06", "ASP NET 06", "{34EB1E38-C287-42A4-90D9-B6FC1D246A39}"
EndProject
Project("{FAE04EC0-301F-11D3-BF4B-00C04F79EFBC}") = "ASP NET 06. Html Helpers", "ASP NET 06. Html Helpers\ASP NET 06. Html Helpers.csproj", "{363A4593-29AD-426B-8639-71A078E5939B}"
EndProject
Project("{FAE04EC0-301F-11D3-BF4B-00C04F79EFBC}") = "ASP NET 06. Student MVC - Pagination Filtering Ordering", "ASP NET 06. Student MVC - Pagination Filtering Ordering\ASP NET 06. Student MVC - Pagination Filtering Ordering.csproj", "{B03C0907-A8A6-4F4A-8887-C1046E32EA9A}"
EndProject
Project("{FAE04EC0-301F-11D3-BF4B-00C04F79EFBC}") = "ASP NET 07. TaskFlow Introduction", "ASP NET 07. TaskFlow Introduction\ASP NET 07. TaskFlow Introduction.csproj", "{18E9D5F2-BA2A-4335-A64D-65BB0FC0F52E}"
EndProject
Project("{2150E333-8FDC-42A3-9474-1A3956D46DE8}") = "ASP NET 09", "ASP NET 09", "{B04FFE29-F3AF-4208-B733-A96AA0336103}"
EndProject
Project("{FAE04EC0-301F-11D3-BF4B-00C04F79EFBC}") = "ASP NET 09. TaskFlow DTO", "ASP NET 09. TaskFlow DTO\ASP NET 09. TaskFlow DTO.csproj", "{3D358737-88B2-4BCE-BD35-FF9D6ED5EC9D}"
EndProject
Project("{2150E333-8FDC-42A3-9474-1A3956D46DE8}") = "ASP NET 10", "ASP NET 10", "{0BCB63C4-6FEF-409D-B378-34349974BAFF}"
EndProject
Project("{FAE04EC0-301F-11D3-BF4B-00C04F79EFBC}") = "ASP NET 10.  TaskFlow AutoMapper", "ASP NET 10.  TaskFlow AutoMapper\ASP NET 10.  TaskFlow AutoMapper.csproj", "{296633F9-9495-431F-9C34-E28132EB745D}"
EndProject
Project("{FAE04EC0-301F-11D3-BF4B-00C04F79EFBC}") = "ASP NET 10. TaskFlow Swagger Documentation", "ASP NET 10. TaskFlow Swagger Documentation\ASP NET 10. TaskFlow Swagger Documentation.csproj", "{6460F827-917F-434A-90F4-139FB22F0DFD}"
EndProject
Global
	GlobalSection(SolutionConfigurationPlatforms) = preSolution
		Debug|Any CPU = Debug|Any CPU
		Release|Any CPU = Release|Any CPU
	EndGlobalSection
	GlobalSection(ProjectConfigurationPlatforms) = postSolution
		{79EDED6E-66D6-43CB-8713-81AA589DBE5A}.Debug|Any CPU.ActiveCfg = Debug|Any CPU
		{79EDED6E-66D6-43CB-8713-81AA589DBE5A}.Debug|Any CPU.Build.0 = Debug|Any CPU
		{79EDED6E-66D6-43CB-8713-81AA589DBE5A}.Release|Any CPU.ActiveCfg = Release|Any CPU
		{79EDED6E-66D6-43CB-8713-81AA589DBE5A}.Release|Any CPU.Build.0 = Release|Any CPU
		{61BE90F8-EEC1-4B32-BB42-85DB4D31EB0B}.Debug|Any CPU.ActiveCfg = Debug|Any CPU
		{61BE90F8-EEC1-4B32-BB42-85DB4D31EB0B}.Debug|Any CPU.Build.0 = Debug|Any CPU
		{61BE90F8-EEC1-4B32-BB42-85DB4D31EB0B}.Release|Any CPU.ActiveCfg = Release|Any CPU
		{61BE90F8-EEC1-4B32-BB42-85DB4D31EB0B}.Release|Any CPU.Build.0 = Release|Any CPU
		{361B5A61-B3BB-423C-A20C-2D9A15C5A943}.Debug|Any CPU.ActiveCfg = Debug|Any CPU
		{361B5A61-B3BB-423C-A20C-2D9A15C5A943}.Debug|Any CPU.Build.0 = Debug|Any CPU
		{361B5A61-B3BB-423C-A20C-2D9A15C5A943}.Release|Any CPU.ActiveCfg = Release|Any CPU
		{361B5A61-B3BB-423C-A20C-2D9A15C5A943}.Release|Any CPU.Build.0 = Release|Any CPU
		{B1EB7394-F8AC-41BB-B975-7389FD751BF8}.Debug|Any CPU.ActiveCfg = Debug|Any CPU
		{B1EB7394-F8AC-41BB-B975-7389FD751BF8}.Debug|Any CPU.Build.0 = Debug|Any CPU
		{B1EB7394-F8AC-41BB-B975-7389FD751BF8}.Release|Any CPU.ActiveCfg = Release|Any CPU
		{B1EB7394-F8AC-41BB-B975-7389FD751BF8}.Release|Any CPU.Build.0 = Release|Any CPU
		{0EB57E8C-403F-4F87-B289-F3F125EA667C}.Debug|Any CPU.ActiveCfg = Debug|Any CPU
		{0EB57E8C-403F-4F87-B289-F3F125EA667C}.Debug|Any CPU.Build.0 = Debug|Any CPU
		{0EB57E8C-403F-4F87-B289-F3F125EA667C}.Release|Any CPU.ActiveCfg = Release|Any CPU
		{0EB57E8C-403F-4F87-B289-F3F125EA667C}.Release|Any CPU.Build.0 = Release|Any CPU
		{F182285A-CEBF-4342-8FDF-9F80332FF97E}.Debug|Any CPU.ActiveCfg = Debug|Any CPU
		{F182285A-CEBF-4342-8FDF-9F80332FF97E}.Debug|Any CPU.Build.0 = Debug|Any CPU
		{F182285A-CEBF-4342-8FDF-9F80332FF97E}.Release|Any CPU.ActiveCfg = Release|Any CPU
		{F182285A-CEBF-4342-8FDF-9F80332FF97E}.Release|Any CPU.Build.0 = Release|Any CPU
		{97B73602-B4FB-4D50-8426-8C5765F8BD97}.Debug|Any CPU.ActiveCfg = Debug|Any CPU
		{97B73602-B4FB-4D50-8426-8C5765F8BD97}.Debug|Any CPU.Build.0 = Debug|Any CPU
		{97B73602-B4FB-4D50-8426-8C5765F8BD97}.Release|Any CPU.ActiveCfg = Release|Any CPU
		{97B73602-B4FB-4D50-8426-8C5765F8BD97}.Release|Any CPU.Build.0 = Release|Any CPU
		{2A660B02-E028-452A-B8C1-FA6E00C80B2A}.Debug|Any CPU.ActiveCfg = Debug|Any CPU
		{2A660B02-E028-452A-B8C1-FA6E00C80B2A}.Debug|Any CPU.Build.0 = Debug|Any CPU
		{2A660B02-E028-452A-B8C1-FA6E00C80B2A}.Release|Any CPU.ActiveCfg = Release|Any CPU
		{2A660B02-E028-452A-B8C1-FA6E00C80B2A}.Release|Any CPU.Build.0 = Release|Any CPU
		{A2685327-686D-4A17-A9A1-948A838E1F55}.Debug|Any CPU.ActiveCfg = Debug|Any CPU
		{A2685327-686D-4A17-A9A1-948A838E1F55}.Debug|Any CPU.Build.0 = Debug|Any CPU
		{A2685327-686D-4A17-A9A1-948A838E1F55}.Release|Any CPU.ActiveCfg = Release|Any CPU
		{A2685327-686D-4A17-A9A1-948A838E1F55}.Release|Any CPU.Build.0 = Release|Any CPU
		{FB0ED7EA-6BEF-44FE-AB7B-3F39EE2D7827}.Debug|Any CPU.ActiveCfg = Debug|Any CPU
		{FB0ED7EA-6BEF-44FE-AB7B-3F39EE2D7827}.Debug|Any CPU.Build.0 = Debug|Any CPU
		{FB0ED7EA-6BEF-44FE-AB7B-3F39EE2D7827}.Release|Any CPU.ActiveCfg = Release|Any CPU
		{FB0ED7EA-6BEF-44FE-AB7B-3F39EE2D7827}.Release|Any CPU.Build.0 = Release|Any CPU
		{37EB8234-664C-413C-9546-A345BD7B1F87}.Debug|Any CPU.ActiveCfg = Debug|Any CPU
		{37EB8234-664C-413C-9546-A345BD7B1F87}.Debug|Any CPU.Build.0 = Debug|Any CPU
		{37EB8234-664C-413C-9546-A345BD7B1F87}.Release|Any CPU.ActiveCfg = Release|Any CPU
		{37EB8234-664C-413C-9546-A345BD7B1F87}.Release|Any CPU.Build.0 = Release|Any CPU
		{A69D2A29-39E3-40EE-8C32-E9F0A5FDE01F}.Debug|Any CPU.ActiveCfg = Debug|Any CPU
		{A69D2A29-39E3-40EE-8C32-E9F0A5FDE01F}.Debug|Any CPU.Build.0 = Debug|Any CPU
		{A69D2A29-39E3-40EE-8C32-E9F0A5FDE01F}.Release|Any CPU.ActiveCfg = Release|Any CPU
		{A69D2A29-39E3-40EE-8C32-E9F0A5FDE01F}.Release|Any CPU.Build.0 = Release|Any CPU
		{8E2A3DF5-E6F9-4093-AD84-FF26C469F197}.Debug|Any CPU.ActiveCfg = Debug|Any CPU
		{8E2A3DF5-E6F9-4093-AD84-FF26C469F197}.Debug|Any CPU.Build.0 = Debug|Any CPU
		{8E2A3DF5-E6F9-4093-AD84-FF26C469F197}.Release|Any CPU.ActiveCfg = Release|Any CPU
		{8E2A3DF5-E6F9-4093-AD84-FF26C469F197}.Release|Any CPU.Build.0 = Release|Any CPU
		{363A4593-29AD-426B-8639-71A078E5939B}.Debug|Any CPU.ActiveCfg = Debug|Any CPU
		{363A4593-29AD-426B-8639-71A078E5939B}.Debug|Any CPU.Build.0 = Debug|Any CPU
		{363A4593-29AD-426B-8639-71A078E5939B}.Release|Any CPU.ActiveCfg = Release|Any CPU
		{363A4593-29AD-426B-8639-71A078E5939B}.Release|Any CPU.Build.0 = Release|Any CPU
		{B03C0907-A8A6-4F4A-8887-C1046E32EA9A}.Debug|Any CPU.ActiveCfg = Debug|Any CPU
		{B03C0907-A8A6-4F4A-8887-C1046E32EA9A}.Debug|Any CPU.Build.0 = Debug|Any CPU
		{B03C0907-A8A6-4F4A-8887-C1046E32EA9A}.Release|Any CPU.ActiveCfg = Release|Any CPU
		{B03C0907-A8A6-4F4A-8887-C1046E32EA9A}.Release|Any CPU.Build.0 = Release|Any CPU
		{18E9D5F2-BA2A-4335-A64D-65BB0FC0F52E}.Debug|Any CPU.ActiveCfg = Debug|Any CPU
		{18E9D5F2-BA2A-4335-A64D-65BB0FC0F52E}.Debug|Any CPU.Build.0 = Debug|Any CPU
		{18E9D5F2-BA2A-4335-A64D-65BB0FC0F52E}.Release|Any CPU.ActiveCfg = Release|Any CPU
		{18E9D5F2-BA2A-4335-A64D-65BB0FC0F52E}.Release|Any CPU.Build.0 = Release|Any CPU
		{3D358737-88B2-4BCE-BD35-FF9D6ED5EC9D}.Debug|Any CPU.ActiveCfg = Debug|Any CPU
		{3D358737-88B2-4BCE-BD35-FF9D6ED5EC9D}.Debug|Any CPU.Build.0 = Debug|Any CPU
		{3D358737-88B2-4BCE-BD35-FF9D6ED5EC9D}.Release|Any CPU.ActiveCfg = Release|Any CPU
		{3D358737-88B2-4BCE-BD35-FF9D6ED5EC9D}.Release|Any CPU.Build.0 = Release|Any CPU
		{296633F9-9495-431F-9C34-E28132EB745D}.Debug|Any CPU.ActiveCfg = Debug|Any CPU
		{296633F9-9495-431F-9C34-E28132EB745D}.Debug|Any CPU.Build.0 = Debug|Any CPU
		{296633F9-9495-431F-9C34-E28132EB745D}.Release|Any CPU.ActiveCfg = Release|Any CPU
		{296633F9-9495-431F-9C34-E28132EB745D}.Release|Any CPU.Build.0 = Release|Any CPU
		{6460F827-917F-434A-90F4-139FB22F0DFD}.Debug|Any CPU.ActiveCfg = Debug|Any CPU
		{6460F827-917F-434A-90F4-139FB22F0DFD}.Debug|Any CPU.Build.0 = Debug|Any CPU
		{6460F827-917F-434A-90F4-139FB22F0DFD}.Release|Any CPU.ActiveCfg = Release|Any CPU
		{6460F827-917F-434A-90F4-139FB22F0DFD}.Release|Any CPU.Build.0 = Release|Any CPU
	EndGlobalSection
	GlobalSection(SolutionProperties) = preSolution
		HideSolutionNode = FALSE
	EndGlobalSection
	GlobalSection(NestedProjects) = preSolution
		{79EDED6E-66D6-43CB-8713-81AA589DBE5A} = {02EA681E-C7D8-13C7-8484-4AC65E1B71E8}
		{61BE90F8-EEC1-4B32-BB42-85DB4D31EB0B} = {02EA681E-C7D8-13C7-8484-4AC65E1B71E8}
		{361B5A61-B3BB-423C-A20C-2D9A15C5A943} = {02EA681E-C7D8-13C7-8484-4AC65E1B71E8}
		{B1EB7394-F8AC-41BB-B975-7389FD751BF8} = {02EA681E-C7D8-13C7-8484-4AC65E1B71E8}
		{0EB57E8C-403F-4F87-B289-F3F125EA667C} = {079C8825-F860-4EE9-8161-ED07DB32D175}
		{F182285A-CEBF-4342-8FDF-9F80332FF97E} = {079C8825-F860-4EE9-8161-ED07DB32D175}
		{97B73602-B4FB-4D50-8426-8C5765F8BD97} = {14C8E696-5F7B-4BBA-9EFD-923A7D9A5B76}
		{2A660B02-E028-452A-B8C1-FA6E00C80B2A} = {14C8E696-5F7B-4BBA-9EFD-923A7D9A5B76}
		{A2685327-686D-4A17-A9A1-948A838E1F55} = {22F1140A-241B-4DB4-9342-C192C9BBB0F2}
		{FB0ED7EA-6BEF-44FE-AB7B-3F39EE2D7827} = {22F1140A-241B-4DB4-9342-C192C9BBB0F2}
		{37EB8234-664C-413C-9546-A345BD7B1F87} = {A8D647CB-80E4-4CF8-A571-A0CE990CBED7}
		{A69D2A29-39E3-40EE-8C32-E9F0A5FDE01F} = {A8D647CB-80E4-4CF8-A571-A0CE990CBED7}
		{8E2A3DF5-E6F9-4093-AD84-FF26C469F197} = {A8D647CB-80E4-4CF8-A571-A0CE990CBED7}
		{363A4593-29AD-426B-8639-71A078E5939B} = {34EB1E38-C287-42A4-90D9-B6FC1D246A39}
		{B03C0907-A8A6-4F4A-8887-C1046E32EA9A} = {34EB1E38-C287-42A4-90D9-B6FC1D246A39}
		{18E9D5F2-BA2A-4335-A64D-65BB0FC0F52E} = {34EB1E38-C287-42A4-90D9-B6FC1D246A39}
		{3D358737-88B2-4BCE-BD35-FF9D6ED5EC9D} = {B04FFE29-F3AF-4208-B733-A96AA0336103}
		{296633F9-9495-431F-9C34-E28132EB745D} = {0BCB63C4-6FEF-409D-B378-34349974BAFF}
		{6460F827-917F-434A-90F4-139FB22F0DFD} = {0BCB63C4-6FEF-409D-B378-34349974BAFF}
	EndGlobalSection
	GlobalSection(ExtensibilityGlobals) = postSolution
		SolutionGuid = {6299646B-0CE0-4B3A-9D03-BC7850C5C569}
	EndGlobalSection
EndGlobal
